dependencies:
  espressif/usb_host_uvc:
    component_hash: 3dde9c89980212de1e394a29d3fe782a2988a08fd2a16af34eee6f642aab6ebe
    dependencies:
    - name: idf
      require: private
      version: '>=5.0'
    - name: espressif/usb
      registry_url: https://components.espressif.com
      require: public
      rules:
      - if: idf_version >=6.0
      - if: target not in ["linux"]
      version: ^1.0.0
    source:
      registry_url: https://components.espressif.com/
      type: service
    targets:
    - esp32s2
    - esp32s3
    - esp32p4
    - esp32h4
    - esp32s31
    - linux
    version: 2.5.1
  idf:
    source:
      type: idf
    version: 5.4.4
direct_dependencies:
- espressif/usb_host_uvc
- idf
manifest_hash: 1ed2b1890bdb75b25c2833406b27c3add40a894d6761336bd0eae0c031cc9471
target: esp32s3
version: 2.0.0
